# This file is automatically @generated by Poetry 2.1.3 and should not be changed by hand.

[[package]]
name = "markdown"
version = "3.8.2"
description = "Python implementation of John Gruber's Markdown."
optional = false
python-versions = ">=3.9"
groups = ["main"]
files = [
    {file = "markdown-3.8.2-py3-none-any.whl", hash = "sha256:5c83764dbd4e00bdd94d85a19b8d55ccca20fe35b2e678a1422b380324dd5f24"},
    {file = "markdown-3.8.2.tar.gz", hash = "sha256:247b9a70dd12e27f67431ce62523e675b866d254f900c4fe75ce3dda62237c45"},
]

[package.extras]
docs = ["mdx_gh_links (>=0.2)", "mkdocs (>=1.6)", "mkdocs-gen-files", "mkdocs-literate-nav", "mkdocs-nature (>=0.6)", "mkdocs-section-index", "mkdocstrings[python]"]
testing = ["coverage", "pyyaml"]

[metadata]
lock-version = "2.1"
python-versions = ">=3.12"
content-hash = "e7d91003176f134a9a0716c5672f5ba2548ec84038bbe62714f51561f66b1667"
